
Microsoft Visual Studio Solution File, Format Version 12.00
# Visual Studio Version 17
VisualStudioVersion = 17.8.34330.188
MinimumVisualStudioVersion = 10.0.40219.1
Project("{FAE04EC0-301F-11D3-BF4B-00C04F79EFBC}") = "HangfireMysqlProject", "HangfireMysqlProject\HangfireMysqlProject.csproj", "{4CBCEF50-9B04-481C-8A75-2B1CD28C92F3}"
EndProject
Global
	GlobalSection(SolutionConfigurationPlatforms) = preSolution
		Debug|Any CPU = Debug|Any CPU
		Release|Any CPU = Release|Any CPU
	EndGlobalSection
	GlobalSection(ProjectConfigurationPlatforms) = postSolution
		{4CBCEF50-9B04-481C-8A75-2B1CD28C92F3}.Debug|Any CPU.ActiveCfg = Debug|Any CPU
		{4CBCEF50-9B04-481C-8A75-2B1CD28C92F3}.Debug|Any CPU.Build.0 = Debug|Any CPU
		{4CBCEF50-9B04-481C-8A75-2B1CD28C92F3}.Release|Any CPU.ActiveCfg = Release|Any CPU
		{4CBCEF50-9B04-481C-8A75-2B1CD28C92F3}.Release|Any CPU.Build.0 = Release|Any CPU
	EndGlobalSection
	GlobalSection(SolutionProperties) = preSolution
		HideSolutionNode = FALSE
	EndGlobalSection
	GlobalSection(ExtensibilityGlobals) = postSolution
		SolutionGuid = {557249F5-3C07-4F8D-9256-53D997751DCE}
	EndGlobalSection
EndGlobal
